
Microsoft Visual Studio Solution File, Format Version 12.00
# Visual Studio Version 17
VisualStudioVersion = 17.5.002.0
MinimumVisualStudioVersion = 10.0.40219.1
Project("{9A19103F-16F7-4668-BE54-9A1E7A4F7556}") = "TaskService", "TaskService\TaskService.csproj", "{CDCE858C-CC2D-433A-AE24-F6E070C81516}"
EndProject
Project("{2150E333-8FDC-42A3-9474-1A3956D46DE8}") = "Tests", "Tests", "{9DFDA6E7-CE04-4DDC-88BE-5B5BBF17D9AF}"
EndProject
Project("{FAE04EC0-301F-11D3-BF4B-00C04F79EFBC}") = "TaskService.UnitTests", "Tests\TaskService.UnitTests\TaskService.UnitTests.csproj", "{AC697D7C-ED7F-4FF9-9D01-CB7476194C28}"
EndProject
Global
	GlobalSection(SolutionConfigurationPlatforms) = preSolution
		Debug|Any CPU = Debug|Any CPU
		Release|Any CPU = Release|Any CPU
	EndGlobalSection
	GlobalSection(ProjectConfigurationPlatforms) = postSolution
		{CDCE858C-CC2D-433A-AE24-F6E070C81516}.Debug|Any CPU.ActiveCfg = Debug|Any CPU
		{CDCE858C-CC2D-433A-AE24-F6E070C81516}.Debug|Any CPU.Build.0 = Debug|Any CPU
		{CDCE858C-CC2D-433A-AE24-F6E070C81516}.Release|Any CPU.ActiveCfg = Release|Any CPU
		{CDCE858C-CC2D-433A-AE24-F6E070C81516}.Release|Any CPU.Build.0 = Release|Any CPU
		{AC697D7C-ED7F-4FF9-9D01-CB7476194C28}.Debug|Any CPU.ActiveCfg = Debug|Any CPU
		{AC697D7C-ED7F-4FF9-9D01-CB7476194C28}.Debug|Any CPU.Build.0 = Debug|Any CPU
		{AC697D7C-ED7F-4FF9-9D01-CB7476194C28}.Release|Any CPU.ActiveCfg = Release|Any CPU
		{AC697D7C-ED7F-4FF9-9D01-CB7476194C28}.Release|Any CPU.Build.0 = Release|Any CPU
	EndGlobalSection
	GlobalSection(SolutionProperties) = preSolution
		HideSolutionNode = FALSE
	EndGlobalSection
	GlobalSection(ExtensibilityGlobals) = postSolution
		SolutionGuid = {8FEFA251-48C1-461E-B7D1-098524DB31E3}
	EndGlobalSection
	GlobalSection(NestedProjects) = preSolution
		{AC697D7C-ED7F-4FF9-9D01-CB7476194C28} = {9DFDA6E7-CE04-4DDC-88BE-5B5BBF17D9AF}
	EndGlobalSection
EndGlobal
