
Microsoft Visual Studio Solution File, Format Version 12.00
# Visual Studio Version 17
VisualStudioVersion = 17.5.002.0
MinimumVisualStudioVersion = 10.0.40219.1
Project("{9A19103F-16F7-4668-BE54-9A1E7A4F7556}") = "TaskService", "TaskService.csproj", "{27C5B2B3-C1B0-4EF6-85E6-19E8C567690B}"
EndProject
Global
	GlobalSection(SolutionConfigurationPlatforms) = preSolution
		Debug|Any CPU = Debug|Any CPU
		Release|Any CPU = Release|Any CPU
	EndGlobalSection
	GlobalSection(ProjectConfigurationPlatforms) = postSolution
		{27C5B2B3-C1B0-4EF6-85E6-19E8C567690B}.Debug|Any CPU.ActiveCfg = Debug|Any CPU
		{27C5B2B3-C1B0-4EF6-85E6-19E8C567690B}.Debug|Any CPU.Build.0 = Debug|Any CPU
		{27C5B2B3-C1B0-4EF6-85E6-19E8C567690B}.Release|Any CPU.ActiveCfg = Release|Any CPU
		{27C5B2B3-C1B0-4EF6-85E6-19E8C567690B}.Release|Any CPU.Build.0 = Release|Any CPU
	EndGlobalSection
	GlobalSection(SolutionProperties) = preSolution
		HideSolutionNode = FALSE
	EndGlobalSection
	GlobalSection(ExtensibilityGlobals) = postSolution
		SolutionGuid = {3FEC220F-298E-43A9-8041-C6922F0B5DCE}
	EndGlobalSection
EndGlobal
